prepare:
  cmd: python src/prepare.py
  deps:
  - path: data/raw/test.csv
    md5: 029c9cd22461f6dbe8d9ab01def965c6
  - path: data/raw/train.csv
    md5: 61fdd54abdbf6a85b778e937122e1194
  - path: src/prepare.py
    md5: 49748f65edaa99ec5d729c2b577ff64b
  outs:
  - path: data/iterim/test.csv
    md5: 03a50ef56b97b1a290169caaa3d28a29
  - path: data/iterim/train.csv
    md5: 79d1f4a5ff5e70015588e0571e022dc5
train:
  cmd: python src/train.py
  deps:
  - path: data/iterim/test.csv
    md5: 03a50ef56b97b1a290169caaa3d28a29
  - path: data/iterim/train.csv
    md5: 79d1f4a5ff5e70015588e0571e022dc5
  - path: src/train.py
    md5: c3a7918f2e789118bbd182f3f9663615
  params:
    params.yaml:
      n_estimators: 10
  outs:
  - path: models/tree.joblib
    md5: 17e50a01afcfb2340f6970c1692fbee3
